
Microsoft Visual Studio Solution File, Format Version 12.00
# Visual Studio 15
VisualStudioVersion = 15.0.28307.489
MinimumVisualStudioVersion = 10.0.40219.1
Project("{2150E333-8FDC-42A3-9474-1A3956D46DE8}") = "1-Apresentacao", "1-Apresentacao", "{7EBE9E77-FF97-4EB1-B066-3C3DA3CAB7CE}"
EndProject
Project("{2150E333-8FDC-42A3-9474-1A3956D46DE8}") = "2-Servicos", "2-Servicos", "{9C3A9186-1452-47FD-BECB-F1ED0BE8E7B2}"
EndProject
Project("{2150E333-8FDC-42A3-9474-1A3956D46DE8}") = "3-Aplicacao", "3-Aplicacao", "{4DA84A51-EB16-4629-B011-BF0EE38A59C3}"
EndProject
Project("{2150E333-8FDC-42A3-9474-1A3956D46DE8}") = "4-Dominio", "4-Dominio", "{D1C2E7FF-411F-483E-95F2-E6D4FF40E9D1}"
EndProject
Project("{2150E333-8FDC-42A3-9474-1A3956D46DE8}") = "5-Infra", "5-Infra", "{3B006EB2-8A88-434A-833D-58C6D23D0149}"
EndProject
Project("{2150E333-8FDC-42A3-9474-1A3956D46DE8}") = "6-Test", "6-Test", "{315FFEFD-0E9A-4430-826E-42297B868ED5}"
EndProject
Project("{2150E333-8FDC-42A3-9474-1A3956D46DE8}") = "Solution Items", "Solution Items", "{140E3668-7CFD-455B-A6DD-BB35B3756428}"
	ProjectSection(SolutionItems) = preProject
		global.json = global.json
	EndProjectSection
EndProject
Project("{9A19103F-16F7-4668-BE54-9A1E7A4F7556}") = "Contatos.Web", "src\Contatos.Web\Contatos.Web.csproj", "{DC6E535C-8180-4957-AB5F-297D27E81946}"
EndProject
Project("{9A19103F-16F7-4668-BE54-9A1E7A4F7556}") = "Contatos.App", "src\Contatos.App\Contatos.App.csproj", "{9B2F524D-0CC4-4751-8CF0-F094B0E77FBB}"
EndProject
Project("{9A19103F-16F7-4668-BE54-9A1E7A4F7556}") = "Contatos.Dominio", "src\Contatos.Dominio\Contatos.Dominio.csproj", "{DE74117B-18E9-406A-8FD4-61C9EB04B9F8}"
EndProject
Project("{2150E333-8FDC-42A3-9474-1A3956D46DE8}") = "5.1-Data", "5.1-Data", "{F98B5CBE-6341-4C1E-8095-F9612511005E}"
EndProject
Project("{2150E333-8FDC-42A3-9474-1A3956D46DE8}") = "5.2-CrossCutting", "5.2-CrossCutting", "{7235ECE8-3838-43EB-9DBA-2DB875D3274A}"
EndProject
Project("{9A19103F-16F7-4668-BE54-9A1E7A4F7556}") = "Contatos.Data", "src\Contatos.Data\Contatos.Data.csproj", "{19D25768-95AA-4515-9A22-E8B7DF5C594E}"
EndProject
Project("{9A19103F-16F7-4668-BE54-9A1E7A4F7556}") = "Contatos.CrossCutting", "src\Contatos.CrossCutting\Contatos.CrossCutting.csproj", "{396C9FAA-D5DD-4735-8018-D9142C113E95}"
EndProject
Project("{9A19103F-16F7-4668-BE54-9A1E7A4F7556}") = "Contatos.IoC", "src\Contatos.IoC\Contatos.IoC.csproj", "{2257DD4D-98AD-48CB-B8A5-26AD2EB45A68}"
EndProject
Project("{9A19103F-16F7-4668-BE54-9A1E7A4F7556}") = "Contatos.Service", "src\Contatos.Service\Contatos.Service.csproj", "{446FB933-1378-45B0-8D4C-64C558836206}"
EndProject
Project("{9A19103F-16F7-4668-BE54-9A1E7A4F7556}") = "Contatos.ViewModel", "src\Contatos.ViewModel\Contatos.ViewModel.csproj", "{1077A3C7-6E4F-4F0F-9278-524A44150317}"
EndProject
Project("{FAE04EC0-301F-11D3-BF4B-00C04F79EFBC}") = "Contatos.Notificacoes", "src\Contatos.Notificacoes\Contatos.Notificacoes.csproj", "{493A9FDD-7001-4058-A2FD-417E98ACD7E7}"
EndProject
Global
	GlobalSection(SolutionConfigurationPlatforms) = preSolution
		Debug|Any CPU = Debug|Any CPU
		Release|Any CPU = Release|Any CPU
	EndGlobalSection
	GlobalSection(ProjectConfigurationPlatforms) = postSolution
		{DC6E535C-8180-4957-AB5F-297D27E81946}.Debug|Any CPU.ActiveCfg = Debug|Any CPU
		{DC6E535C-8180-4957-AB5F-297D27E81946}.Debug|Any CPU.Build.0 = Debug|Any CPU
		{DC6E535C-8180-4957-AB5F-297D27E81946}.Release|Any CPU.ActiveCfg = Release|Any CPU
		{DC6E535C-8180-4957-AB5F-297D27E81946}.Release|Any CPU.Build.0 = Release|Any CPU
		{9B2F524D-0CC4-4751-8CF0-F094B0E77FBB}.Debug|Any CPU.ActiveCfg = Debug|Any CPU
		{9B2F524D-0CC4-4751-8CF0-F094B0E77FBB}.Debug|Any CPU.Build.0 = Debug|Any CPU
		{9B2F524D-0CC4-4751-8CF0-F094B0E77FBB}.Release|Any CPU.ActiveCfg = Release|Any CPU
		{9B2F524D-0CC4-4751-8CF0-F094B0E77FBB}.Release|Any CPU.Build.0 = Release|Any CPU
		{DE74117B-18E9-406A-8FD4-61C9EB04B9F8}.Debug|Any CPU.ActiveCfg = Debug|Any CPU
		{DE74117B-18E9-406A-8FD4-61C9EB04B9F8}.Debug|Any CPU.Build.0 = Debug|Any CPU
		{DE74117B-18E9-406A-8FD4-61C9EB04B9F8}.Release|Any CPU.ActiveCfg = Release|Any CPU
		{DE74117B-18E9-406A-8FD4-61C9EB04B9F8}.Release|Any CPU.Build.0 = Release|Any CPU
		{19D25768-95AA-4515-9A22-E8B7DF5C594E}.Debug|Any CPU.ActiveCfg = Debug|Any CPU
		{19D25768-95AA-4515-9A22-E8B7DF5C594E}.Debug|Any CPU.Build.0 = Debug|Any CPU
		{19D25768-95AA-4515-9A22-E8B7DF5C594E}.Release|Any CPU.ActiveCfg = Release|Any CPU
		{19D25768-95AA-4515-9A22-E8B7DF5C594E}.Release|Any CPU.Build.0 = Release|Any CPU
		{396C9FAA-D5DD-4735-8018-D9142C113E95}.Debug|Any CPU.ActiveCfg = Debug|Any CPU
		{396C9FAA-D5DD-4735-8018-D9142C113E95}.Debug|Any CPU.Build.0 = Debug|Any CPU
		{396C9FAA-D5DD-4735-8018-D9142C113E95}.Release|Any CPU.ActiveCfg = Release|Any CPU
		{396C9FAA-D5DD-4735-8018-D9142C113E95}.Release|Any CPU.Build.0 = Release|Any CPU
		{2257DD4D-98AD-48CB-B8A5-26AD2EB45A68}.Debug|Any CPU.ActiveCfg = Debug|Any CPU
		{2257DD4D-98AD-48CB-B8A5-26AD2EB45A68}.Debug|Any CPU.Build.0 = Debug|Any CPU
		{2257DD4D-98AD-48CB-B8A5-26AD2EB45A68}.Release|Any CPU.ActiveCfg = Release|Any CPU
		{2257DD4D-98AD-48CB-B8A5-26AD2EB45A68}.Release|Any CPU.Build.0 = Release|Any CPU
		{446FB933-1378-45B0-8D4C-64C558836206}.Debug|Any CPU.ActiveCfg = Debug|Any CPU
		{446FB933-1378-45B0-8D4C-64C558836206}.Debug|Any CPU.Build.0 = Debug|Any CPU
		{446FB933-1378-45B0-8D4C-64C558836206}.Release|Any CPU.ActiveCfg = Release|Any CPU
		{446FB933-1378-45B0-8D4C-64C558836206}.Release|Any CPU.Build.0 = Release|Any CPU
		{1077A3C7-6E4F-4F0F-9278-524A44150317}.Debug|Any CPU.ActiveCfg = Debug|Any CPU
		{1077A3C7-6E4F-4F0F-9278-524A44150317}.Debug|Any CPU.Build.0 = Debug|Any CPU
		{1077A3C7-6E4F-4F0F-9278-524A44150317}.Release|Any CPU.ActiveCfg = Release|Any CPU
		{1077A3C7-6E4F-4F0F-9278-524A44150317}.Release|Any CPU.Build.0 = Release|Any CPU
		{493A9FDD-7001-4058-A2FD-417E98ACD7E7}.Debug|Any CPU.ActiveCfg = Debug|Any CPU
		{493A9FDD-7001-4058-A2FD-417E98ACD7E7}.Debug|Any CPU.Build.0 = Debug|Any CPU
		{493A9FDD-7001-4058-A2FD-417E98ACD7E7}.Release|Any CPU.ActiveCfg = Release|Any CPU
		{493A9FDD-7001-4058-A2FD-417E98ACD7E7}.Release|Any CPU.Build.0 = Release|Any CPU
	EndGlobalSection
	GlobalSection(SolutionProperties) = preSolution
		HideSolutionNode = FALSE
	EndGlobalSection
	GlobalSection(NestedProjects) = preSolution
		{DC6E535C-8180-4957-AB5F-297D27E81946} = {7EBE9E77-FF97-4EB1-B066-3C3DA3CAB7CE}
		{9B2F524D-0CC4-4751-8CF0-F094B0E77FBB} = {4DA84A51-EB16-4629-B011-BF0EE38A59C3}
		{DE74117B-18E9-406A-8FD4-61C9EB04B9F8} = {D1C2E7FF-411F-483E-95F2-E6D4FF40E9D1}
		{F98B5CBE-6341-4C1E-8095-F9612511005E} = {3B006EB2-8A88-434A-833D-58C6D23D0149}
		{7235ECE8-3838-43EB-9DBA-2DB875D3274A} = {3B006EB2-8A88-434A-833D-58C6D23D0149}
		{19D25768-95AA-4515-9A22-E8B7DF5C594E} = {F98B5CBE-6341-4C1E-8095-F9612511005E}
		{396C9FAA-D5DD-4735-8018-D9142C113E95} = {7235ECE8-3838-43EB-9DBA-2DB875D3274A}
		{2257DD4D-98AD-48CB-B8A5-26AD2EB45A68} = {7235ECE8-3838-43EB-9DBA-2DB875D3274A}
		{446FB933-1378-45B0-8D4C-64C558836206} = {9C3A9186-1452-47FD-BECB-F1ED0BE8E7B2}
		{1077A3C7-6E4F-4F0F-9278-524A44150317} = {4DA84A51-EB16-4629-B011-BF0EE38A59C3}
		{493A9FDD-7001-4058-A2FD-417E98ACD7E7} = {7235ECE8-3838-43EB-9DBA-2DB875D3274A}
	EndGlobalSection
	GlobalSection(ExtensibilityGlobals) = postSolution
		SolutionGuid = {C3F300FD-CA03-4F05-985D-B13EFA2C4715}
	EndGlobalSection
EndGlobal
